{
  "name": "field-validator",
  "version": "1.0.0",
  "lockfileVersion": 3,
  "requires": true,
  "packages": {
    "": {
      "name": "field-validator",
      "version": "1.0.0",
      "license": "ISC",
      "dependencies": {
        "validator.js": "^2.0.4"
      }
    },
    "node_modules/validator.js": {
      "version": "2.0.4",
      "resolved": "https://registry.npmjs.org/validator.js/-/validator.js-2.0.4.tgz",
      "integrity": "sha512-6gknFyS1WrkXPlnpcb3hecx2LD4j8dEO+G9/yEJ3RYzUUtV4s3icO/IrAzTZtT9BHRSTNGRtg5JORIt+njMpIw=="
    }
  }
}
